{
  "nodes": {
    "disko": {
      "inputs": {
        "nixpkgs": [
          "nixpkgs"
        ]
      },
      "locked": {
        "lastModified": 1757508292,
        "narHash": "sha256-7lVWL5bC6xBIMWWDal41LlGAG+9u2zUorqo3QCUL4p4=",
        "owner": "nix-community",
        "repo": "disko",
        "rev": "146f45bee02b8bd88812cfce6ffc0f933788875a",
        "type": "github"
      },
      "original": {
        "owner": "nix-community",
        "repo": "disko",
        "type": "github"
      }
    },
    "home-manager": {
      "inputs": {
        "nixpkgs": [
          "nixpkgs"
        ]
      },
      "locked": {
        "lastModified": 1758119172,
        "narHash": "sha256-LnVuGLf0PJHqqIHroxEzwXS57mjAdHSrXi0iODKbbiU=",
        "owner": "nix-community",
        "repo": "home-manager",
        "rev": "9f408dc51c8e8216a94379e6356bdadbe8b4fef9",
        "type": "github"
      },
      "original": {
        "owner": "nix-community",
        "repo": "home-manager",
        "type": "github"
      }
    },
    "nixpkgs": {
      "locked": {
        "lastModified": 1757745802,
        "narHash": "sha256-hLEO2TPj55KcUFUU1vgtHE9UEIOjRcH/4QbmfHNF820=",
        "owner": "nixos",
        "repo": "nixpkgs",
        "rev": "c23193b943c6c689d70ee98ce3128239ed9e32d1",
        "type": "github"
      },
      "original": {
        "owner": "nixos",
        "ref": "nixos-unstable",
        "repo": "nixpkgs",
        "type": "github"
      }
    },
    "nixpkgs-stable": {
      "locked": {
        "lastModified": 1735563628,
        "narHash": "sha256-OnSAY7XDSx7CtDoqNh8jwVwh4xNL/2HaJxGjryLWzX8=",
        "owner": "nixos",
        "repo": "nixpkgs",
        "rev": "b134951a4c9f3c995fd7be05f3243f8ecd65d798",
        "type": "github"
      },
      "original": {
        "owner": "nixos",
        "ref": "nixos-24.05",
        "repo": "nixpkgs",
        "type": "github"
      }
    },
    "nvimDotfiles": {
      "flake": false,
      "locked": {
        "lastModified": 1752018499,
        "narHash": "sha256-UzDfqXYSskgF+YN+fN5x11PtKksBNtrSmgt6gKskDxE=",
        "ref": "refs/heads/main",
        "rev": "a7e4974e17d2633a3e788962f8ec385bd87c2d5f",
        "revCount": 3,
        "type": "git",
        "url": "https://github.com/dbochoa77/nvim.git"
      },
      "original": {
        "type": "git",
        "url": "https://github.com/dbochoa77/nvim.git"
      }
    },
    "root": {
      "inputs": {
        "disko": "disko",
        "home-manager": "home-manager",
        "nixpkgs": "nixpkgs",
        "nixpkgs-stable": "nixpkgs-stable",
        "nvimDotfiles": "nvimDotfiles"
      }
    }
  },
  "root": "root",
  "version": 7
}
